
Microsoft Visual Studio Solution File, Format Version 12.00
# Visual Studio Version 17
VisualStudioVersion = 17.0.31903.59
MinimumVisualStudioVersion = 10.0.40219.1
Project("{2150E333-8FDC-42A3-9474-1A3956D46DE8}") = ".root", ".root", "{933F382F-6194-45F8-B54F-61B60BE69849}"
	ProjectSection(SolutionItems) = preProject
		.editorconfig = .editorconfig
		.gitignore = .gitignore
		Directory.Build.props = Directory.Build.props
		README.md = README.md
		version.json = version.json
	EndProjectSection
EndProject
Project("{2150E333-8FDC-42A3-9474-1A3956D46DE8}") = "src", "src", "{FA048FD3-CE75-444E-9318-0EE5CF63C46E}"
EndProject
Project("{2150E333-8FDC-42A3-9474-1A3956D46DE8}") = "tests", "tests", "{8C19355B-EE0D-4E38-BBAF-BA2489C75480}"
EndProject
Project("{FAE04EC0-301F-11D3-BF4B-00C04F79EFBC}") = "MicrosoftExtensionsOptions", "src\MicrosoftExtensionsOptions\MicrosoftExtensionsOptions.csproj", "{236A0ED3-F21F-436D-8075-61B199EF8C23}"
EndProject
Project("{FAE04EC0-301F-11D3-BF4B-00C04F79EFBC}") = "MicrosoftExtensionsOptions.Tests", "tests\MicrosoftExtensionsOptions.Tests\MicrosoftExtensionsOptions.Tests.csproj", "{1D911EC6-7702-41BC-9B35-0D95C901813B}"
EndProject
Global
	GlobalSection(SolutionConfigurationPlatforms) = preSolution
		Debug|Any CPU = Debug|Any CPU
		Release|Any CPU = Release|Any CPU
	EndGlobalSection
	GlobalSection(SolutionProperties) = preSolution
		HideSolutionNode = FALSE
	EndGlobalSection
	GlobalSection(NestedProjects) = preSolution
		{236A0ED3-F21F-436D-8075-61B199EF8C23} = {FA048FD3-CE75-444E-9318-0EE5CF63C46E}
		{1D911EC6-7702-41BC-9B35-0D95C901813B} = {8C19355B-EE0D-4E38-BBAF-BA2489C75480}
	EndGlobalSection
	GlobalSection(ProjectConfigurationPlatforms) = postSolution
		{236A0ED3-F21F-436D-8075-61B199EF8C23}.Debug|Any CPU.ActiveCfg = Debug|Any CPU
		{236A0ED3-F21F-436D-8075-61B199EF8C23}.Debug|Any CPU.Build.0 = Debug|Any CPU
		{236A0ED3-F21F-436D-8075-61B199EF8C23}.Release|Any CPU.ActiveCfg = Release|Any CPU
		{236A0ED3-F21F-436D-8075-61B199EF8C23}.Release|Any CPU.Build.0 = Release|Any CPU
		{1D911EC6-7702-41BC-9B35-0D95C901813B}.Debug|Any CPU.ActiveCfg = Debug|Any CPU
		{1D911EC6-7702-41BC-9B35-0D95C901813B}.Debug|Any CPU.Build.0 = Debug|Any CPU
		{1D911EC6-7702-41BC-9B35-0D95C901813B}.Release|Any CPU.ActiveCfg = Release|Any CPU
		{1D911EC6-7702-41BC-9B35-0D95C901813B}.Release|Any CPU.Build.0 = Release|Any CPU
	EndGlobalSection
EndGlobal
